
Microsoft Visual Studio Solution File, Format Version 12.00
# Visual Studio Version 16
VisualStudioVersion = 16.0.30611.23
MinimumVisualStudioVersion = 10.0.40219.1
Project("{FAE04EC0-301F-11D3-BF4B-00C04F79EFBC}") = "AuthDemo.Web", "AuthDemo.Web\AuthDemo.Web.csproj", "{6A5DEF09-9C9A-4B67-84DC-74FA22104091}"
EndProject
Project("{FAE04EC0-301F-11D3-BF4B-00C04F79EFBC}") = "AuthDemo.Tests", "AuthDemo.Tests\AuthDemo.Tests.csproj", "{46ED69E1-C6B3-4DA7-8BA2-2A6CB97F9102}"
EndProject
Global
	GlobalSection(SolutionConfigurationPlatforms) = preSolution
		Debug|Any CPU = Debug|Any CPU
		Release|Any CPU = Release|Any CPU
	EndGlobalSection
	GlobalSection(ProjectConfigurationPlatforms) = postSolution
		{6A5DEF09-9C9A-4B67-84DC-74FA22104091}.Debug|Any CPU.ActiveCfg = Debug|Any CPU
		{6A5DEF09-9C9A-4B67-84DC-74FA22104091}.Debug|Any CPU.Build.0 = Debug|Any CPU
		{6A5DEF09-9C9A-4B67-84DC-74FA22104091}.Release|Any CPU.ActiveCfg = Release|Any CPU
		{6A5DEF09-9C9A-4B67-84DC-74FA22104091}.Release|Any CPU.Build.0 = Release|Any CPU
		{46ED69E1-C6B3-4DA7-8BA2-2A6CB97F9102}.Debug|Any CPU.ActiveCfg = Debug|Any CPU
		{46ED69E1-C6B3-4DA7-8BA2-2A6CB97F9102}.Debug|Any CPU.Build.0 = Debug|Any CPU
		{46ED69E1-C6B3-4DA7-8BA2-2A6CB97F9102}.Release|Any CPU.ActiveCfg = Release|Any CPU
		{46ED69E1-C6B3-4DA7-8BA2-2A6CB97F9102}.Release|Any CPU.Build.0 = Release|Any CPU
	EndGlobalSection
	GlobalSection(SolutionProperties) = preSolution
		HideSolutionNode = FALSE
	EndGlobalSection
	GlobalSection(ExtensibilityGlobals) = postSolution
		SolutionGuid = {73B29633-D7EF-48F8-8C78-3630B0C600A8}
	EndGlobalSection
EndGlobal
